
Microsoft Visual Studio Solution File, Format Version 12.00
# Visual Studio 15
VisualStudioVersion = 15.0.27703.2026
MinimumVisualStudioVersion = 10.0.40219.1
Project("{FAE04EC0-301F-11D3-BF4B-00C04F79EFBC}") = "Editor", "Editor\Editor.csproj", "{181050DF-EC8F-407C-B3DC-053E656A1245}"
EndProject
Global
	GlobalSection(SolutionConfigurationPlatforms) = preSolution
		Debug|Any CPU = Debug|Any CPU
		Release|Any CPU = Release|Any CPU
	EndGlobalSection
	GlobalSection(ProjectConfigurationPlatforms) = postSolution
		{181050DF-EC8F-407C-B3DC-053E656A1245}.Debug|Any CPU.ActiveCfg = Debug|Any CPU
		{181050DF-EC8F-407C-B3DC-053E656A1245}.Debug|Any CPU.Build.0 = Debug|Any CPU
		{181050DF-EC8F-407C-B3DC-053E656A1245}.Release|Any CPU.ActiveCfg = Release|Any CPU
		{181050DF-EC8F-407C-B3DC-053E656A1245}.Release|Any CPU.Build.0 = Release|Any CPU
	EndGlobalSection
	GlobalSection(SolutionProperties) = preSolution
		HideSolutionNode = FALSE
	EndGlobalSection
	GlobalSection(ExtensibilityGlobals) = postSolution
		SolutionGuid = {4C790D0D-61AA-44CA-B8B8-3A75DD9ADA69}
	EndGlobalSection
EndGlobal
